
Microsoft Visual Studio Solution File, Format Version 12.00
# Visual Studio Version 17
VisualStudioVersion = 17.1.32414.318
MinimumVisualStudioVersion = 10.0.40219.1
Project("{8BC9CEB8-8B4A-11D0-8D11-00A0C91BC942}") = "DisplayJSONFiles", "DisplayJSONFiles.vcxproj", "{78ABD31C-70A2-4608-8A3D-506E1E2C0AFE}"
EndProject
Global
	GlobalSection(SolutionConfigurationPlatforms) = preSolution
		Debug|ARM = Debug|ARM
		Debug|ARM64 = Debug|ARM64
		Debug|x64 = Debug|x64
		Debug|x86 = Debug|x86
		Release|ARM = Release|ARM
		Release|ARM64 = Release|ARM64
		Release|x64 = Release|x64
		Release|x86 = Release|x86
	EndGlobalSection
	GlobalSection(ProjectConfigurationPlatforms) = postSolution
		{78ABD31C-70A2-4608-8A3D-506E1E2C0AFE}.Debug|ARM.ActiveCfg = Debug|ARM
		{78ABD31C-70A2-4608-8A3D-506E1E2C0AFE}.Debug|ARM.Build.0 = Debug|ARM
		{78ABD31C-70A2-4608-8A3D-506E1E2C0AFE}.Debug|ARM64.ActiveCfg = Debug|ARM64
		{78ABD31C-70A2-4608-8A3D-506E1E2C0AFE}.Debug|ARM64.Build.0 = Debug|ARM64
		{78ABD31C-70A2-4608-8A3D-506E1E2C0AFE}.Debug|x64.ActiveCfg = Debug|x64
		{78ABD31C-70A2-4608-8A3D-506E1E2C0AFE}.Debug|x64.Build.0 = Debug|x64
		{78ABD31C-70A2-4608-8A3D-506E1E2C0AFE}.Debug|x86.ActiveCfg = Debug|Win32
		{78ABD31C-70A2-4608-8A3D-506E1E2C0AFE}.Debug|x86.Build.0 = Debug|Win32
		{78ABD31C-70A2-4608-8A3D-506E1E2C0AFE}.Release|ARM.ActiveCfg = Release|ARM
		{78ABD31C-70A2-4608-8A3D-506E1E2C0AFE}.Release|ARM.Build.0 = Release|ARM
		{78ABD31C-70A2-4608-8A3D-506E1E2C0AFE}.Release|ARM64.ActiveCfg = Release|ARM64
		{78ABD31C-70A2-4608-8A3D-506E1E2C0AFE}.Release|ARM64.Build.0 = Release|ARM64
		{78ABD31C-70A2-4608-8A3D-506E1E2C0AFE}.Release|x64.ActiveCfg = Release|x64
		{78ABD31C-70A2-4608-8A3D-506E1E2C0AFE}.Release|x64.Build.0 = Release|x64
		{78ABD31C-70A2-4608-8A3D-506E1E2C0AFE}.Release|x86.ActiveCfg = Release|Win32
		{78ABD31C-70A2-4608-8A3D-506E1E2C0AFE}.Release|x86.Build.0 = Release|Win32
	EndGlobalSection
	GlobalSection(SolutionProperties) = preSolution
		HideSolutionNode = FALSE
	EndGlobalSection
	GlobalSection(ExtensibilityGlobals) = postSolution
		SolutionGuid = {CECB80D4-7C29-4C54-AE36-3195B01A4FA5}
	EndGlobalSection
EndGlobal
